{
  "version": 2,
  "dependencies": {
    "net10.0": {
      "Expecto": {
        "type": "Direct",
        "requested": "[11.1.0, )",
        "resolved": "11.1.0",
        "contentHash": "Bigdu4FzlS0wsS4jUADCSfAM8oiXr9ghswxvYha7ge66QN8VnUjOke38AaU2Qg3nS0lE73NKt+4QEWlaGxILLg==",
        "dependencies": {
          "FSharp.Core": "7.0.200",
          "Mono.Cecil": "[0.11.6, 1.0.0)"
        }
      },
      "Giraffe": {
        "type": "Direct",
        "requested": "[8.2.0, )",
        "resolved": "8.2.0",
        "contentHash": "GlrgfkGKnKbbLfPBpXVBXBEca0wwz+iI9Ba74j3Hcx/rMXLFLqs0WjDhNVfsU7FB585e3VxEcb12XoyOFrsklA==",
        "dependencies": {
          "FSharp.Core": "6.0.0",
          "FSharp.SystemTextJson": "1.3.13",
          "Giraffe.ViewEngine": "1.4.0",
          "Microsoft.IO.RecyclableMemoryStream": "3.0.1"
        }
      },
      "Microsoft.AspNetCore.TestHost": {
        "type": "Direct",
        "requested": "[10.0.0, )",
        "resolved": "10.0.0",
        "contentHash": "Q3ia+k+wYM3Iv/Qq5IETOdpz/R0xizs3WNAXz699vEQx5TMVAfG715fBSq9Thzopvx8dYZkxQ/mumTn6AJ/vGQ=="
      },
      "FSharp.SystemTextJson": {
        "type": "Transitive",
        "resolved": "1.3.13",
        "contentHash": "znp8odpdkVGKVX0AvbhiXdmeMi0KJ+A4AyAQWSkfAEAe4Z4clRE+rVhrLnAGrFD1VEIUX2lsQ4o84ywpWZUSGw==",
        "dependencies": {
          "FSharp.Core": "4.7.0"
        }
      },
      "Giraffe.ViewEngine": {
        "type": "Transitive",
        "resolved": "1.4.0",
        "contentHash": "gWzlp8KGDLaPHMm/xGzfLT1e9wZaJhBKhEuMsPRBSn7wAMkSgMcaqJlWl8mFGCcOOx0r9UyDJvCJJQyljYmo+g==",
        "dependencies": {
          "FSharp.Core": "5.0.0"
        }
      },
      "Microsoft.IO.RecyclableMemoryStream": {
        "type": "Transitive",
        "resolved": "3.0.1",
        "contentHash": "s/s20YTVY9r9TPfTrN5g8zPF1YhwxyqO6PxUkrYTGI2B+OGPe9AdajWZrLhFqXIvqIW23fnUE4+ztrUWNU1+9g=="
      },
      "Mono.Cecil": {
        "type": "Transitive",
        "resolved": "0.11.6",
        "contentHash": "f33RkDtZO8VlGXCtmQIviOtxgnUdym9xx/b1p9h91CRGOsJFxCFOFK1FDbVt1OCf1aWwYejUFa2MOQyFWTFjbA=="
      },
      "circus.api": {
        "type": "Project",
        "dependencies": {
          "Circus.Domain": "[1.0.0, )",
          "Giraffe": "[8.2.0, )"
        }
      },
      "circus.domain": {
        "type": "Project",
        "dependencies": {
          "FSharp.Core": "[7.0.200, )"
        }
      },
      "FSharp.Core": {
        "type": "CentralTransitive",
        "requested": "[7.0.200, )",
        "resolved": "7.0.200",
        "contentHash": "NmgUnpNH6Zu9B0SPIhojyo38gnPdkdYFYQfbd6zosEH32kbGY/g/Klk7PfOWe1NAe/O1YOMmK9KhwQ2OWsWEbg=="
      }
    }
  }
}