{
  "version": 2,
  "dependencies": {
    "net10.0": {
      "Expecto": {
        "type": "Direct",
        "requested": "[11.1.0, )",
        "resolved": "11.1.0",
        "contentHash": "Bigdu4FzlS0wsS4jUADCSfAM8oiXr9ghswxvYha7ge66QN8VnUjOke38AaU2Qg3nS0lE73NKt+4QEWlaGxILLg==",
        "dependencies": {
          "FSharp.Core": "7.0.200",
          "Mono.Cecil": "[0.11.6, 1.0.0)"
        }
      },
      "Giraffe": {
        "type": "Direct",
        "requested": "[8.2.0, )",
        "resolved": "8.2.0",
        "contentHash": "GlrgfkGKnKbbLfPBpXVBXBEca0wwz+iI9Ba74j3Hcx/rMXLFLqs0WjDhNVfsU7FB585e3VxEcb12XoyOFrsklA==",
        "dependencies": {
          "FSharp.Core": "6.0.0",
          "FSharp.SystemTextJson": "1.3.13",
          "Giraffe.ViewEngine": "1.4.0",
          "Microsoft.IO.RecyclableMemoryStream": "3.0.1"
        }
      },
      "Microsoft.AspNetCore.TestHost": {
        "type": "Direct",
        "requested": "[10.0.0, )",
        "resolved": "10.0.0",
        "contentHash": "Q3ia+k+wYM3Iv/Qq5IETOdpz/R0xizs3WNAXz699vEQx5TMVAfG715fBSq9Thzopvx8dYZkxQ/mumTn6AJ/vGQ=="
      },
      "Testcontainers.PostgreSql": {
        "type": "Direct",
        "requested": "[4.13.0, )",
        "resolved": "4.13.0",
        "contentHash": "2ow4AE8drI9iA9Fr4ycAPusXPB1lJfQyyNONSMLE/XqLpm8VuNAh3pK38fOjkOWtTrnD03s4hAIdl4036Ik69A==",
        "dependencies": {
          "Testcontainers": "4.13.0"
        }
      },
      "BouncyCastle.Cryptography": {
        "type": "Transitive",
        "resolved": "2.6.2",
        "contentHash": "7oWOcvnntmMKNzDLsdxAYqApt+AjpRpP2CShjMfIa3umZ42UQMvH0tl1qAliYPNYO6vTdcGMqnRrCPmsfzTI1w=="
      },
      "Docker.DotNet.Enhanced": {
        "type": "Transitive",
        "resolved": "4.3.3",
        "contentHash": "nGicLwvd42FhRk+khY5uS6cx49ErNdwYKnYBg0F4m4BDKLp/R77AVmmN9xAiqI3W/wN5ZCHkdUhgxf5ORkZuFQ==",
        "dependencies": {
          "Docker.DotNet.Enhanced.Handler.Abstractions": "4.3.3",
          "Docker.DotNet.Enhanced.LegacyHttp": "4.3.3",
          "Docker.DotNet.Enhanced.NPipe": "4.3.3",
          "Docker.DotNet.Enhanced.NativeHttp": "4.3.3",
          "Docker.DotNet.Enhanced.Unix": "4.3.3",
          "Microsoft.Extensions.Logging.Abstractions": "8.0.3"
        }
      },
      "Docker.DotNet.Enhanced.Handler.Abstractions": {
        "type": "Transitive",
        "resolved": "4.3.3",
        "contentHash": "9Cp8hOgtynixcDoAs9lnEaQosluojSYmiW3fsLsLIVfZjlq/fznSIZNUhnmyT4Xo1Iyuok/y49WL/25O47u0Pw==",
        "dependencies": {
          "Microsoft.Extensions.Logging.Abstractions": "8.0.3"
        }
      },
      "Docker.DotNet.Enhanced.LegacyHttp": {
        "type": "Transitive",
        "resolved": "4.3.3",
        "contentHash": "7j3M16emv9PAQN7VwFn23xLYNj8GJmwPOcogveHkaWnOCqiC+anRaNKQwqIBNApM1AuwZKivehTKTPmmrjUUnw==",
        "dependencies": {
          "Docker.DotNet.Enhanced.Handler.Abstractions": "4.3.3"
        }
      },
      "Docker.DotNet.Enhanced.NativeHttp": {
        "type": "Transitive",
        "resolved": "4.3.3",
        "contentHash": "iNzK+jRFeEMobSA7l/h4ARwCKOOefOWtVN5/RB0ft6/6H6IQXvVUuOgGyZAjYLBT7TsyClRYno2B904f3dtBuQ==",
        "dependencies": {
          "Docker.DotNet.Enhanced.Handler.Abstractions": "4.3.3"
        }
      },
      "Docker.DotNet.Enhanced.NPipe": {
        "type": "Transitive",
        "resolved": "4.3.3",
        "contentHash": "ZTLYufuEfY0e6qLOgeH9QgXx2KYuoABRVaY5A8rsggyLgYqbDj9rCRfVAhHPCUv83S7pVxDHy+Tvm/BnxjWVpg==",
        "dependencies": {
          "Docker.DotNet.Enhanced.Handler.Abstractions": "4.3.3"
        }
      },
      "Docker.DotNet.Enhanced.Unix": {
        "type": "Transitive",
        "resolved": "4.3.3",
        "contentHash": "ypo8qNbmvHw1t9VfpRTMogCw2vht6VjkXzlGYUUeP2H2bf83USURdla1maW1njn2oq2rfLUFOGMfmt+A37QU2w==",
        "dependencies": {
          "Docker.DotNet.Enhanced.Handler.Abstractions": "4.3.3"
        }
      },
      "Docker.DotNet.Enhanced.X509": {
        "type": "Transitive",
        "resolved": "4.3.3",
        "contentHash": "oBDibWezEv4hgj3RIQxI3DVcxkNV1MdrD0d/jhjUu+h3DL+qc0wlkQva15kkwMatXmC/hWp1VP0DMoFXe+BmEw==",
        "dependencies": {
          "Docker.DotNet.Enhanced.Handler.Abstractions": "4.3.3"
        }
      },
      "FSharp.SystemTextJson": {
        "type": "Transitive",
        "resolved": "1.3.13",
        "contentHash": "znp8odpdkVGKVX0AvbhiXdmeMi0KJ+A4AyAQWSkfAEAe4Z4clRE+rVhrLnAGrFD1VEIUX2lsQ4o84ywpWZUSGw==",
        "dependencies": {
          "FSharp.Core": "4.7.0"
        }
      },
      "Giraffe.ViewEngine": {
        "type": "Transitive",
        "resolved": "1.4.0",
        "contentHash": "gWzlp8KGDLaPHMm/xGzfLT1e9wZaJhBKhEuMsPRBSn7wAMkSgMcaqJlWl8mFGCcOOx0r9UyDJvCJJQyljYmo+g==",
        "dependencies": {
          "FSharp.Core": "5.0.0"
        }
      },
      "Microsoft.Extensions.DependencyInjection.Abstractions": {
        "type": "Transitive",
        "resolved": "10.0.0",
        "contentHash": "L3AdmZ1WOK4XXT5YFPEwyt0ep6l8lGIPs7F5OOBZc77Zqeo01Of7XXICy47628sdVl0v/owxYJTe86DTgFwKCA=="
      },
      "Microsoft.Extensions.Logging.Abstractions": {
        "type": "Transitive",
        "resolved": "10.0.0",
        "contentHash": "FU/IfjDfwaMuKr414SSQNTIti/69bHEMb+QKrskRb26oVqpx3lNFXMjs/RC9ZUuhBhcwDM2BwOgoMw+PZ+beqQ==",
        "dependencies": {
          "Microsoft.Extensions.DependencyInjection.Abstractions": "10.0.0"
        }
      },
      "Microsoft.IO.RecyclableMemoryStream": {
        "type": "Transitive",
        "resolved": "3.0.1",
        "contentHash": "s/s20YTVY9r9TPfTrN5g8zPF1YhwxyqO6PxUkrYTGI2B+OGPe9AdajWZrLhFqXIvqIW23fnUE4+ztrUWNU1+9g=="
      },
      "Mono.Cecil": {
        "type": "Transitive",
        "resolved": "0.11.6",
        "contentHash": "f33RkDtZO8VlGXCtmQIviOtxgnUdym9xx/b1p9h91CRGOsJFxCFOFK1FDbVt1OCf1aWwYejUFa2MOQyFWTFjbA=="
      },
      "SharpZipLib": {
        "type": "Transitive",
        "resolved": "1.4.2",
        "contentHash": "yjj+3zgz8zgXpiiC3ZdF/iyTBbz2fFvMxZFEBPUcwZjIvXOf37Ylm+K58hqMfIBt5JgU/Z2uoUS67JmTLe973A=="
      },
      "SSH.NET": {
        "type": "Transitive",
        "resolved": "2025.1.0",
        "contentHash": "jrnbtf0ItVaXAe6jE8X/kSLa6uC+0C+7W1vepcnRQB/rD88qy4IxG7Lf1FIbWmkoc4iVXv0pKrz+Wc6J4ngmHw==",
        "dependencies": {
          "BouncyCastle.Cryptography": "2.6.2",
          "Microsoft.Extensions.Logging.Abstractions": "8.0.3"
        }
      },
      "Testcontainers": {
        "type": "Transitive",
        "resolved": "4.13.0",
        "contentHash": "j8vi9jPBNSwaraGGx8w+2gtZyWrlbKxdhiGMS3nektg+KiwjFWx9ghCjs57EoQfvI+IAbzti0oQJupQChwgMog==",
        "dependencies": {
          "Docker.DotNet.Enhanced": "4.3.3",
          "Docker.DotNet.Enhanced.X509": "4.3.3",
          "Microsoft.Extensions.Logging.Abstractions": "8.0.3",
          "SSH.NET": "2025.1.0",
          "SharpZipLib": "1.4.2"
        }
      },
      "circus.api": {
        "type": "Project",
        "dependencies": {
          "Circus.Application": "[1.0.0, )",
          "Circus.Contracts": "[1.0.0, )",
          "Circus.Domain": "[1.0.0, )",
          "Circus.Persistence.Postgres": "[1.0.0, )",
          "Giraffe": "[8.2.0, )"
        }
      },
      "circus.application": {
        "type": "Project",
        "dependencies": {
          "Circus.Contracts": "[1.0.0, )",
          "Circus.Domain": "[1.0.0, )",
          "FSharp.Core": "[7.0.200, )"
        }
      },
      "circus.contracts": {
        "type": "Project",
        "dependencies": {
          "Circus.Domain": "[1.0.0, )",
          "FSharp.Core": "[7.0.200, )"
        }
      },
      "circus.domain": {
        "type": "Project",
        "dependencies": {
          "FSharp.Core": "[7.0.200, )"
        }
      },
      "circus.persistence.postgres": {
        "type": "Project",
        "dependencies": {
          "Circus.Application": "[1.0.0, )",
          "Circus.Contracts": "[1.0.0, )",
          "Circus.Domain": "[1.0.0, )",
          "FSharp.Core": "[7.0.200, )",
          "Npgsql": "[10.0.3, )"
        }
      },
      "FSharp.Core": {
        "type": "CentralTransitive",
        "requested": "[7.0.200, )",
        "resolved": "7.0.200",
        "contentHash": "NmgUnpNH6Zu9B0SPIhojyo38gnPdkdYFYQfbd6zosEH32kbGY/g/Klk7PfOWe1NAe/O1YOMmK9KhwQ2OWsWEbg=="
      },
      "Npgsql": {
        "type": "CentralTransitive",
        "requested": "[10.0.3, )",
        "resolved": "10.0.3",
        "contentHash": "7nb5YzXuvWWJxB0J8DiyL3we+X4FOctZrt0fIBnucOIaIevFEEwGQVZKtiu9olXdlNAK1eNgqSral6r/jlhI4w==",
        "dependencies": {
          "Microsoft.Extensions.Logging.Abstractions": "10.0.0"
        }
      }
    }
  }
}