{
  "version": 2,
  "dependencies": {
    "net10.0": {
      "Expecto": {
        "type": "Direct",
        "requested": "[11.1.0, )",
        "resolved": "11.1.0",
        "contentHash": "Bigdu4FzlS0wsS4jUADCSfAM8oiXr9ghswxvYha7ge66QN8VnUjOke38AaU2Qg3nS0lE73NKt+4QEWlaGxILLg==",
        "dependencies": {
          "FSharp.Core": "7.0.200",
          "Mono.Cecil": "[0.11.6, 1.0.0)"
        }
      },
      "Mono.Cecil": {
        "type": "Transitive",
        "resolved": "0.11.6",
        "contentHash": "f33RkDtZO8VlGXCtmQIviOtxgnUdym9xx/b1p9h91CRGOsJFxCFOFK1FDbVt1OCf1aWwYejUFa2MOQyFWTFjbA=="
      },
      "circus.application": {
        "type": "Project",
        "dependencies": {
          "Circus.Contracts": "[1.0.0, )",
          "Circus.Domain": "[1.0.0, )",
          "FSharp.Core": "[7.0.200, )"
        }
      },
      "circus.contracts": {
        "type": "Project",
        "dependencies": {
          "Circus.Domain": "[1.0.0, )",
          "FSharp.Core": "[7.0.200, )"
        }
      },
      "circus.domain": {
        "type": "Project",
        "dependencies": {
          "FSharp.Core": "[7.0.200, )"
        }
      },
      "FSharp.Core": {
        "type": "CentralTransitive",
        "requested": "[7.0.200, )",
        "resolved": "7.0.200",
        "contentHash": "NmgUnpNH6Zu9B0SPIhojyo38gnPdkdYFYQfbd6zosEH32kbGY/g/Klk7PfOWe1NAe/O1YOMmK9KhwQ2OWsWEbg=="
      }
    }
  }
}