{
  "version": 2,
  "dependencies": {
    "net10.0": {
      "Giraffe": {
        "type": "Direct",
        "requested": "[8.2.0, )",
        "resolved": "8.2.0",
        "contentHash": "GlrgfkGKnKbbLfPBpXVBXBEca0wwz+iI9Ba74j3Hcx/rMXLFLqs0WjDhNVfsU7FB585e3VxEcb12XoyOFrsklA==",
        "dependencies": {
          "FSharp.Core": "6.0.0",
          "FSharp.SystemTextJson": "1.3.13",
          "Giraffe.ViewEngine": "1.4.0",
          "Microsoft.IO.RecyclableMemoryStream": "3.0.1"
        }
      },
      "FSharp.SystemTextJson": {
        "type": "Transitive",
        "resolved": "1.3.13",
        "contentHash": "znp8odpdkVGKVX0AvbhiXdmeMi0KJ+A4AyAQWSkfAEAe4Z4clRE+rVhrLnAGrFD1VEIUX2lsQ4o84ywpWZUSGw==",
        "dependencies": {
          "FSharp.Core": "4.7.0"
        }
      },
      "Giraffe.ViewEngine": {
        "type": "Transitive",
        "resolved": "1.4.0",
        "contentHash": "gWzlp8KGDLaPHMm/xGzfLT1e9wZaJhBKhEuMsPRBSn7wAMkSgMcaqJlWl8mFGCcOOx0r9UyDJvCJJQyljYmo+g==",
        "dependencies": {
          "FSharp.Core": "5.0.0"
        }
      },
      "Microsoft.IO.RecyclableMemoryStream": {
        "type": "Transitive",
        "resolved": "3.0.1",
        "contentHash": "s/s20YTVY9r9TPfTrN5g8zPF1YhwxyqO6PxUkrYTGI2B+OGPe9AdajWZrLhFqXIvqIW23fnUE4+ztrUWNU1+9g=="
      },
      "circus.application": {
        "type": "Project",
        "dependencies": {
          "Circus.Contracts": "[1.0.0, )",
          "Circus.Domain": "[1.0.0, )",
          "FSharp.Core": "[7.0.200, )"
        }
      },
      "circus.contracts": {
        "type": "Project",
        "dependencies": {
          "Circus.Domain": "[1.0.0, )",
          "FSharp.Core": "[7.0.200, )"
        }
      },
      "circus.domain": {
        "type": "Project",
        "dependencies": {
          "FSharp.Core": "[7.0.200, )"
        }
      },
      "circus.persistence.postgres": {
        "type": "Project",
        "dependencies": {
          "Circus.Application": "[1.0.0, )",
          "Circus.Contracts": "[1.0.0, )",
          "Circus.Domain": "[1.0.0, )",
          "FSharp.Core": "[7.0.200, )",
          "Npgsql": "[10.0.3, )"
        }
      },
      "FSharp.Core": {
        "type": "CentralTransitive",
        "requested": "[7.0.200, )",
        "resolved": "7.0.200",
        "contentHash": "NmgUnpNH6Zu9B0SPIhojyo38gnPdkdYFYQfbd6zosEH32kbGY/g/Klk7PfOWe1NAe/O1YOMmK9KhwQ2OWsWEbg=="
      },
      "Npgsql": {
        "type": "CentralTransitive",
        "requested": "[10.0.3, )",
        "resolved": "10.0.3",
        "contentHash": "7nb5YzXuvWWJxB0J8DiyL3we+X4FOctZrt0fIBnucOIaIevFEEwGQVZKtiu9olXdlNAK1eNgqSral6r/jlhI4w=="
      }
    }
  }
}